
Microsoft Visual Studio Solution File, Format Version 12.00
# Visual Studio Version 17
VisualStudioVersion = 17.1.32319.34
MinimumVisualStudioVersion = 10.0.40219.1
Project("{FAE04EC0-301F-11D3-BF4B-00C04F79EFBC}") = "WetherPoc", "WetherPoc.csproj", "{9F83FC1B-227F-4DB1-942B-6297FC42738A}"
EndProject
Global
	GlobalSection(SolutionConfigurationPlatforms) = preSolution
		Debug|Any CPU = Debug|Any CPU
		Release|Any CPU = Release|Any CPU
	EndGlobalSection
	GlobalSection(ProjectConfigurationPlatforms) = postSolution
		{9F83FC1B-227F-4DB1-942B-6297FC42738A}.Debug|Any CPU.ActiveCfg = Debug|Any CPU
		{9F83FC1B-227F-4DB1-942B-6297FC42738A}.Debug|Any CPU.Build.0 = Debug|Any CPU
		{9F83FC1B-227F-4DB1-942B-6297FC42738A}.Release|Any CPU.ActiveCfg = Release|Any CPU
		{9F83FC1B-227F-4DB1-942B-6297FC42738A}.Release|Any CPU.Build.0 = Release|Any CPU
	EndGlobalSection
	GlobalSection(SolutionProperties) = preSolution
		HideSolutionNode = FALSE
	EndGlobalSection
	GlobalSection(ExtensibilityGlobals) = postSolution
		SolutionGuid = {3FAE3023-89F5-4FCD-8C05-747C301A0CD4}
	EndGlobalSection
EndGlobal
